
Microsoft Visual Studio Solution File, Format Version 12.00
# Visual Studio Version 16
VisualStudioVersion = 16.0.30413.136
MinimumVisualStudioVersion = 10.0.40219.1
Project("{FAE04EC0-301F-11D3-BF4B-00C04F79EFBC}") = "EntityProjeUrun", "EntityProjeUrun\EntityProjeUrun.csproj", "{F984A94B-9417-4960-A9F0-7A6791A59E15}"
EndProject
Global
	GlobalSection(SolutionConfigurationPlatforms) = preSolution
		Debug|Any CPU = Debug|Any CPU
		Release|Any CPU = Release|Any CPU
	EndGlobalSection
	GlobalSection(ProjectConfigurationPlatforms) = postSolution
		{F984A94B-9417-4960-A9F0-7A6791A59E15}.Debug|Any CPU.ActiveCfg = Debug|Any CPU
		{F984A94B-9417-4960-A9F0-7A6791A59E15}.Debug|Any CPU.Build.0 = Debug|Any CPU
		{F984A94B-9417-4960-A9F0-7A6791A59E15}.Release|Any CPU.ActiveCfg = Release|Any CPU
		{F984A94B-9417-4960-A9F0-7A6791A59E15}.Release|Any CPU.Build.0 = Release|Any CPU
	EndGlobalSection
	GlobalSection(SolutionProperties) = preSolution
		HideSolutionNode = FALSE
	EndGlobalSection
	GlobalSection(ExtensibilityGlobals) = postSolution
		SolutionGuid = {D334587A-BADC-4E0D-BEEC-5EFCDFE68BC3}
	EndGlobalSection
EndGlobal
